
Microsoft Visual Studio Solution File, Format Version 12.00
# Visual Studio Version 17
VisualStudioVersion = 17.11.35312.102
MinimumVisualStudioVersion = 10.0.40219.1
Project("{FAE04EC0-301F-11D3-BF4B-00C04F79EFBC}") = "EfcoreP1Employee", "EfcoreP1Employee\EfcoreP1Employee.csproj", "{66F1DC68-8508-495F-BCEE-3D7155D4D6C9}"
EndProject
Global
	GlobalSection(SolutionConfigurationPlatforms) = preSolution
		Debug|Any CPU = Debug|Any CPU
		Release|Any CPU = Release|Any CPU
	EndGlobalSection
	GlobalSection(ProjectConfigurationPlatforms) = postSolution
		{66F1DC68-8508-495F-BCEE-3D7155D4D6C9}.Debug|Any CPU.ActiveCfg = Debug|Any CPU
		{66F1DC68-8508-495F-BCEE-3D7155D4D6C9}.Debug|Any CPU.Build.0 = Debug|Any CPU
		{66F1DC68-8508-495F-BCEE-3D7155D4D6C9}.Release|Any CPU.ActiveCfg = Release|Any CPU
		{66F1DC68-8508-495F-BCEE-3D7155D4D6C9}.Release|Any CPU.Build.0 = Release|Any CPU
	EndGlobalSection
	GlobalSection(SolutionProperties) = preSolution
		HideSolutionNode = FALSE
	EndGlobalSection
	GlobalSection(ExtensibilityGlobals) = postSolution
		SolutionGuid = {A11AF212-B782-441F-BB05-E236378B38F4}
	EndGlobalSection
EndGlobal
